
Microsoft Visual Studio Solution File, Format Version 12.00
# Visual Studio Version 16
VisualStudioVersion = 16.0.28803.452
MinimumVisualStudioVersion = 10.0.40219.1
Project("{9A19103F-16F7-4668-BE54-9A1E7A4F7556}") = "Libs", "src\Libs\Libs.csproj", "{DEBF0014-43E0-4D40-9B8A-1ADCAE1FCFA4}"
EndProject
Global
	GlobalSection(SolutionConfigurationPlatforms) = preSolution
		Debug|Any CPU = Debug|Any CPU
		Release|Any CPU = Release|Any CPU
	EndGlobalSection
	GlobalSection(ProjectConfigurationPlatforms) = postSolution
		{DEBF0014-43E0-4D40-9B8A-1ADCAE1FCFA4}.Debug|Any CPU.ActiveCfg = Debug|Any CPU
		{DEBF0014-43E0-4D40-9B8A-1ADCAE1FCFA4}.Debug|Any CPU.Build.0 = Debug|Any CPU
		{DEBF0014-43E0-4D40-9B8A-1ADCAE1FCFA4}.Release|Any CPU.ActiveCfg = Release|Any CPU
		{DEBF0014-43E0-4D40-9B8A-1ADCAE1FCFA4}.Release|Any CPU.Build.0 = Release|Any CPU
	EndGlobalSection
	GlobalSection(SolutionProperties) = preSolution
		HideSolutionNode = FALSE
	EndGlobalSection
	GlobalSection(ExtensibilityGlobals) = postSolution
		SolutionGuid = {5CF82B41-D5CD-4D45-BB8C-BF58F7747EB5}
	EndGlobalSection
EndGlobal
